
Microsoft Visual Studio Solution File, Format Version 12.00
# Visual Studio Version 17
VisualStudioVersion = 17.1.32210.238
MinimumVisualStudioVersion = 10.0.40219.1
Project("{FAE04EC0-301F-11D3-BF4B-00C04F79EFBC}") = "Test", "Test.csproj", "{4CFB7AE4-710C-4FFA-A686-30B37CB2D651}"
EndProject
Global
	GlobalSection(SolutionConfigurationPlatforms) = preSolution
		Debug|Any CPU = Debug|Any CPU
		Release|Any CPU = Release|Any CPU
	EndGlobalSection
	GlobalSection(ProjectConfigurationPlatforms) = postSolution
		{4CFB7AE4-710C-4FFA-A686-30B37CB2D651}.Debug|Any CPU.ActiveCfg = Debug|Any CPU
		{4CFB7AE4-710C-4FFA-A686-30B37CB2D651}.Debug|Any CPU.Build.0 = Debug|Any CPU
		{4CFB7AE4-710C-4FFA-A686-30B37CB2D651}.Release|Any CPU.ActiveCfg = Release|Any CPU
		{4CFB7AE4-710C-4FFA-A686-30B37CB2D651}.Release|Any CPU.Build.0 = Release|Any CPU
	EndGlobalSection
	GlobalSection(SolutionProperties) = preSolution
		HideSolutionNode = FALSE
	EndGlobalSection
	GlobalSection(ExtensibilityGlobals) = postSolution
		SolutionGuid = {B82BE059-5F70-4DA9-BC97-A2AAF71BE747}
	EndGlobalSection
EndGlobal
